
Microsoft Visual Studio Solution File, Format Version 12.00
# Visual Studio Version 18
VisualStudioVersion = 18.3.11520.95 d18.3
MinimumVisualStudioVersion = 10.0.40219.1
Project("{FAE04EC0-301F-11D3-BF4B-00C04F79EFBC}") = "Taver", "Taver.csproj", "{94A29312-EAB5-D5EF-63E5-C756EC0EE4EB}"
EndProject
Global
	GlobalSection(SolutionConfigurationPlatforms) = preSolution
		Debug|Any CPU = Debug|Any CPU
		Release|Any CPU = Release|Any CPU
	EndGlobalSection
	GlobalSection(ProjectConfigurationPlatforms) = postSolution
		{94A29312-EAB5-D5EF-63E5-C756EC0EE4EB}.Debug|Any CPU.ActiveCfg = Debug|Any CPU
		{94A29312-EAB5-D5EF-63E5-C756EC0EE4EB}.Debug|Any CPU.Build.0 = Debug|Any CPU
		{94A29312-EAB5-D5EF-63E5-C756EC0EE4EB}.Release|Any CPU.ActiveCfg = Release|Any CPU
		{94A29312-EAB5-D5EF-63E5-C756EC0EE4EB}.Release|Any CPU.Build.0 = Release|Any CPU
	EndGlobalSection
	GlobalSection(SolutionProperties) = preSolution
		HideSolutionNode = FALSE
	EndGlobalSection
	GlobalSection(ExtensibilityGlobals) = postSolution
		SolutionGuid = {E332D9C5-C1F4-4D2B-8FCE-663A6093F999}
	EndGlobalSection
EndGlobal
